
Microsoft Visual Studio Solution File, Format Version 12.00
# Visual Studio Version 17
VisualStudioVersion = 17.11.35222.181
MinimumVisualStudioVersion = 10.0.40219.1
Project("{FAE04EC0-301F-11D3-BF4B-00C04F79EFBC}") = "Heist", "Heist\Heist.csproj", "{ABF2019C-D4E3-4B27-89FE-70966CD5A616}"
EndProject
Project("{FAE04EC0-301F-11D3-BF4B-00C04F79EFBC}") = "Heist.Core", "Heist.Core\Heist.Core.csproj", "{176ABC41-A580-48DB-A2A2-1C86EB77AFD8}"
EndProject
Project("{FAE04EC0-301F-11D3-BF4B-00C04F79EFBC}") = "Heist.Infrastructure", "Heist.Infrastructre\Heist.Infrastructure.csproj", "{8CCAA572-F679-4746-90BA-5F61AD9DE004}"
EndProject
Global
	GlobalSection(SolutionConfigurationPlatforms) = preSolution
		Debug|Any CPU = Debug|Any CPU
		Release|Any CPU = Release|Any CPU
	EndGlobalSection
	GlobalSection(ProjectConfigurationPlatforms) = postSolution
		{ABF2019C-D4E3-4B27-89FE-70966CD5A616}.Debug|Any CPU.ActiveCfg = Debug|Any CPU
		{ABF2019C-D4E3-4B27-89FE-70966CD5A616}.Debug|Any CPU.Build.0 = Debug|Any CPU
		{ABF2019C-D4E3-4B27-89FE-70966CD5A616}.Release|Any CPU.ActiveCfg = Release|Any CPU
		{ABF2019C-D4E3-4B27-89FE-70966CD5A616}.Release|Any CPU.Build.0 = Release|Any CPU
		{176ABC41-A580-48DB-A2A2-1C86EB77AFD8}.Debug|Any CPU.ActiveCfg = Debug|Any CPU
		{176ABC41-A580-48DB-A2A2-1C86EB77AFD8}.Debug|Any CPU.Build.0 = Debug|Any CPU
		{176ABC41-A580-48DB-A2A2-1C86EB77AFD8}.Release|Any CPU.ActiveCfg = Release|Any CPU
		{176ABC41-A580-48DB-A2A2-1C86EB77AFD8}.Release|Any CPU.Build.0 = Release|Any CPU
		{8CCAA572-F679-4746-90BA-5F61AD9DE004}.Debug|Any CPU.ActiveCfg = Debug|Any CPU
		{8CCAA572-F679-4746-90BA-5F61AD9DE004}.Debug|Any CPU.Build.0 = Debug|Any CPU
		{8CCAA572-F679-4746-90BA-5F61AD9DE004}.Release|Any CPU.ActiveCfg = Release|Any CPU
		{8CCAA572-F679-4746-90BA-5F61AD9DE004}.Release|Any CPU.Build.0 = Release|Any CPU
	EndGlobalSection
	GlobalSection(SolutionProperties) = preSolution
		HideSolutionNode = FALSE
	EndGlobalSection
	GlobalSection(ExtensibilityGlobals) = postSolution
		SolutionGuid = {F574A6AF-648F-491D-88DC-D5EB9BFC69AC}
	EndGlobalSection
EndGlobal
